
Microsoft Visual Studio Solution File, Format Version 12.00
# Visual Studio Version 16
VisualStudioVersion = 16.0.34031.81
MinimumVisualStudioVersion = 10.0.40219.1
Project("{2150E333-8FDC-42A3-9474-1A3956D46DE8}") = "Task0", "Task0", "{7CEF06BA-60F2-469B-91B6-620E64715009}"
EndProject
Project("{FAE04EC0-301F-11D3-BF4B-00C04F79EFBC}") = "Tyuiu.DudkovIE.Sprint4.Task0.V1", "Tyuiu.DudkovIE.Sprint4.Task0.V1\Tyuiu.DudkovIE.Sprint4.Task0.V1.csproj", "{F4039509-6C2E-4C21-A67C-989FB4F0A23A}"
EndProject
Project("{FAE04EC0-301F-11D3-BF4B-00C04F79EFBC}") = "Tyuiu.DudkovIE.Sprint4.Task0.V1.Lib", "Tyuiu.DudkovIE.Sprint4.Task0.V1.Lib\Tyuiu.DudkovIE.Sprint4.Task0.V1.Lib.csproj", "{258ABEA2-4140-4822-B3AC-10E9868EE8F7}"
EndProject
Project("{FAE04EC0-301F-11D3-BF4B-00C04F79EFBC}") = "Tyuiu.DudkovIE.Sprint4.Task0.V1.Test", "Tyuiu.DudkovIE.Sprint4.Task0.V1.Test\Tyuiu.DudkovIE.Sprint4.Task0.V1.Test.csproj", "{A089F897-6795-4BBD-A7AE-32188BD0B7D0}"
EndProject
Project("{2150E333-8FDC-42A3-9474-1A3956D46DE8}") = "Task1", "Task1", "{AD4F50F8-3CF9-404F-B8D7-19D359EE7BD9}"
EndProject
Project("{FAE04EC0-301F-11D3-BF4B-00C04F79EFBC}") = "Tyuiu.DudkovIE.Sprint4.Task1.V6", "Tyuiu.DudkovIE.Sprint4.Task1.V6\Tyuiu.DudkovIE.Sprint4.Task1.V6.csproj", "{4D70FD3F-2C92-44CF-B0F9-BFBBD528D799}"
EndProject
Project("{FAE04EC0-301F-11D3-BF4B-00C04F79EFBC}") = "Tyuiu.DudkovIE.Sprint4.Task1.V6.Lib", "Tyuiu.DudkovIE.Sprint4.Task1.V6.Lib\Tyuiu.DudkovIE.Sprint4.Task1.V6.Lib.csproj", "{7B082F64-CEDC-4ED6-9C61-63239CA0DBCF}"
EndProject
Project("{FAE04EC0-301F-11D3-BF4B-00C04F79EFBC}") = "Tyuiu.DudkovIE.Sprint4.Task1.V6.Test", "Tyuiu.DudkovIE.Sprint4.Task1.V6.Test\Tyuiu.DudkovIE.Sprint4.Task1.V6.Test.csproj", "{5C691631-6B9B-4022-B281-02F0B9CE2B68}"
EndProject
Project("{2150E333-8FDC-42A3-9474-1A3956D46DE8}") = "Task2", "Task2", "{D399CAC0-0093-421A-B05E-C3C490137694}"
EndProject
Project("{FAE04EC0-301F-11D3-BF4B-00C04F79EFBC}") = "Tyuiu.DudkovIE.Sprint4.Task2.V20", "Tyuiu.DudkovIE.Sprint4.Task2.V20\Tyuiu.DudkovIE.Sprint4.Task2.V20.csproj", "{34A526CD-B38A-4CA8-BFBB-D5626676B952}"
EndProject
Project("{FAE04EC0-301F-11D3-BF4B-00C04F79EFBC}") = "Tyuiu.DudkovIE.Sprint4.Task2.V20.Lib", "Tyuiu.DudkovIE.Sprint4.Task2.V20.Lib\Tyuiu.DudkovIE.Sprint4.Task2.V20.Lib.csproj", "{70BCCF8C-9255-475E-B0DD-E26468AA70E1}"
EndProject
Project("{FAE04EC0-301F-11D3-BF4B-00C04F79EFBC}") = "Tyuiu.DudkovIE.Sprint4.Task2.V20.Test", "Tyuiu.DudkovIE.Sprint4.Task2.V20.Test\Tyuiu.DudkovIE.Sprint4.Task2.V20.Test.csproj", "{B1DC8F75-7337-411F-9C84-FCA7BCDC0BF8}"
EndProject
Project("{2150E333-8FDC-42A3-9474-1A3956D46DE8}") = "Task3", "Task3", "{0527EA37-0AFD-4639-8CC8-AAF7CD523107}"
EndProject
Project("{FAE04EC0-301F-11D3-BF4B-00C04F79EFBC}") = "Tyuiu.DudkovIE.Sprint4.Task3.V27", "Tyuiu.DudkovIE.Sprint4.Task3.V27\Tyuiu.DudkovIE.Sprint4.Task3.V27.csproj", "{491B6CE4-B5EF-4B4F-B440-13296AB8E580}"
EndProject
Project("{FAE04EC0-301F-11D3-BF4B-00C04F79EFBC}") = "Tyuiu.DudkovIE.Sprint4.Task3.V27.Lib", "Tyuiu.DudkovIE.Sprint4.Task3.V27.Lib\Tyuiu.DudkovIE.Sprint4.Task3.V27.Lib.csproj", "{1CE457AF-FFA5-4161-8C9F-3F8D618CD12C}"
EndProject
Project("{FAE04EC0-301F-11D3-BF4B-00C04F79EFBC}") = "Tyuiu.DudkovIE.Sprint4.Task3.V27.Test", "Tyuiu.DudkovIE.Sprint4.Task3.V27.Test\Tyuiu.DudkovIE.Sprint4.Task3.V27.Test.csproj", "{6BA3AF65-0728-4AA7-BE17-24756DF3D410}"
EndProject
Project("{2150E333-8FDC-42A3-9474-1A3956D46DE8}") = "Task4", "Task4", "{0B2BAA20-D9C7-4665-BE62-D41E1578A534}"
EndProject
Project("{FAE04EC0-301F-11D3-BF4B-00C04F79EFBC}") = "Tyuiu.DudkovIE.Sprint4.Task4.V10", "Tyuiu.DudkovIE.Sprint4.Task4.V10\Tyuiu.DudkovIE.Sprint4.Task4.V10.csproj", "{972A7160-55C2-4805-AE03-1F6FCB61A6DF}"
EndProject
Project("{FAE04EC0-301F-11D3-BF4B-00C04F79EFBC}") = "Tyuiu.DudkovIE.Sprint4.Task4.V10.Test", "Tyuiu.DudkovIE.Sprint4.Task4.V10.Test\Tyuiu.DudkovIE.Sprint4.Task4.V10.Test.csproj", "{BAABC5CD-39DB-4A8B-AF8A-4F3B5119F657}"
EndProject
Project("{FAE04EC0-301F-11D3-BF4B-00C04F79EFBC}") = "Tyuiu.DudkovIE.Sprint4.Task4.V10.Lib", "Tyuiu.DudkovIE.Sprint4.Task4.V10.Lib\Tyuiu.DudkovIE.Sprint4.Task4.V10.Lib.csproj", "{1316239F-6EB1-4C6C-B6E8-B8612E87B312}"
EndProject
Project("{2150E333-8FDC-42A3-9474-1A3956D46DE8}") = "Task5", "Task5", "{95D619C6-8F31-4E91-B178-FF68CC60A7E5}"
EndProject
Project("{FAE04EC0-301F-11D3-BF4B-00C04F79EFBC}") = "Tyuiu.DudkovIE.Sprint4.Task5.V10", "Tyuiu.DudkovIE.Sprint4.Task5.V10\Tyuiu.DudkovIE.Sprint4.Task5.V10.csproj", "{60612B89-E823-40E4-B136-613BAADB60E4}"
EndProject
Project("{FAE04EC0-301F-11D3-BF4B-00C04F79EFBC}") = "Tyuiu.DudkovIE.Sprint4.Task5.V10.Lib", "Tyuiu.DudkovIE.Sprint4.Task5.V10.Lib\Tyuiu.DudkovIE.Sprint4.Task5.V10.Lib.csproj", "{8E646DDB-1ACA-471E-92E3-C45001430AC1}"
EndProject
Project("{FAE04EC0-301F-11D3-BF4B-00C04F79EFBC}") = "Tyuiu.DudkovIE.Sprint4.Task5.V10.Test", "Tyuiu.DudkovIE.Sprint4.Task5.V10.Test\Tyuiu.DudkovIE.Sprint4.Task5.V10.Test.csproj", "{FAF235EA-5215-402D-8062-E7B771284559}"
EndProject
Project("{2150E333-8FDC-42A3-9474-1A3956D46DE8}") = "Task6", "Task6", "{F173DAFA-F8EB-4679-A52C-FCD297487B11}"
EndProject
Project("{FAE04EC0-301F-11D3-BF4B-00C04F79EFBC}") = "Tyuiu.DudkovIE.Sprint4.Task6.V25", "Tyuiu.DudkovIE.Sprint4.Task6.V25\Tyuiu.DudkovIE.Sprint4.Task6.V25.csproj", "{ED4BE672-62BC-49D1-8F43-704B7C5AE8CE}"
EndProject
Project("{FAE04EC0-301F-11D3-BF4B-00C04F79EFBC}") = "Tyuiu.DudkovIE.Sprint4.Task6.V25.Lib", "Tyuiu.DudkovIE.Sprint4.Task6.V25.Lib\Tyuiu.DudkovIE.Sprint4.Task6.V25.Lib.csproj", "{C49F01CB-A85D-418F-AF0D-DD2BF1D5B401}"
EndProject
Project("{FAE04EC0-301F-11D3-BF4B-00C04F79EFBC}") = "Tyuiu.DudkovIE.Sprint4.Task6.V25.Test", "Tyuiu.DudkovIE.Sprint4.Task6.V25.Test\Tyuiu.DudkovIE.Sprint4.Task6.V25.Test.csproj", "{4BBD1CE5-7A68-4C3A-B909-49B8BAA1FDFE}"
EndProject
Project("{2150E333-8FDC-42A3-9474-1A3956D46DE8}") = "Task7", "Task7", "{A10AA04B-FD96-4F1B-9FB9-F0CDA123B741}"
EndProject
Project("{FAE04EC0-301F-11D3-BF4B-00C04F79EFBC}") = "Tyuiu.DudkovIE.Sprint4.Task7.V19", "Tyuiu.DudkovIE.Sprint4.Task7.V19\Tyuiu.DudkovIE.Sprint4.Task7.V19.csproj", "{F3C8F7CF-7AE0-4D80-B273-68692D45AAD6}"
EndProject
Project("{FAE04EC0-301F-11D3-BF4B-00C04F79EFBC}") = "Tyuiu.DudkovIE.Sprint4.Task7.V19.Lib", "Tyuiu.DudkovIE.Sprint4.Task7.V19.Lib\Tyuiu.DudkovIE.Sprint4.Task7.V19.Lib.csproj", "{9C614016-8ADC-4192-B722-0E48BB42D931}"
EndProject
Project("{FAE04EC0-301F-11D3-BF4B-00C04F79EFBC}") = "Tyuiu.DudkovIE.Sprint4.Task7.V19.Test", "Tyuiu.DudkovIE.Sprint4.Task7.V19.Test\Tyuiu.DudkovIE.Sprint4.Task7.V19.Test.csproj", "{74D0CD9E-BBB7-4794-AEAE-D8B71D13F12A}"
EndProject
Global
	GlobalSection(SolutionConfigurationPlatforms) = preSolution
		Debug|Any CPU = Debug|Any CPU
		Release|Any CPU = Release|Any CPU
	EndGlobalSection
	GlobalSection(ProjectConfigurationPlatforms) = postSolution
		{F4039509-6C2E-4C21-A67C-989FB4F0A23A}.Debug|Any CPU.ActiveCfg = Debug|Any CPU
		{F4039509-6C2E-4C21-A67C-989FB4F0A23A}.Debug|Any CPU.Build.0 = Debug|Any CPU
		{F4039509-6C2E-4C21-A67C-989FB4F0A23A}.Release|Any CPU.ActiveCfg = Release|Any CPU
		{F4039509-6C2E-4C21-A67C-989FB4F0A23A}.Release|Any CPU.Build.0 = Release|Any CPU
		{258ABEA2-4140-4822-B3AC-10E9868EE8F7}.Debug|Any CPU.ActiveCfg = Debug|Any CPU
		{258ABEA2-4140-4822-B3AC-10E9868EE8F7}.Debug|Any CPU.Build.0 = Debug|Any CPU
		{258ABEA2-4140-4822-B3AC-10E9868EE8F7}.Release|Any CPU.ActiveCfg = Release|Any CPU
		{258ABEA2-4140-4822-B3AC-10E9868EE8F7}.Release|Any CPU.Build.0 = Release|Any CPU
		{A089F897-6795-4BBD-A7AE-32188BD0B7D0}.Debug|Any CPU.ActiveCfg = Debug|Any CPU
		{A089F897-6795-4BBD-A7AE-32188BD0B7D0}.Debug|Any CPU.Build.0 = Debug|Any CPU
		{A089F897-6795-4BBD-A7AE-32188BD0B7D0}.Release|Any CPU.ActiveCfg = Release|Any CPU
		{A089F897-6795-4BBD-A7AE-32188BD0B7D0}.Release|Any CPU.Build.0 = Release|Any CPU
		{4D70FD3F-2C92-44CF-B0F9-BFBBD528D799}.Debug|Any CPU.ActiveCfg = Debug|Any CPU
		{4D70FD3F-2C92-44CF-B0F9-BFBBD528D799}.Debug|Any CPU.Build.0 = Debug|Any CPU
		{4D70FD3F-2C92-44CF-B0F9-BFBBD528D799}.Release|Any CPU.ActiveCfg = Release|Any CPU
		{4D70FD3F-2C92-44CF-B0F9-BFBBD528D799}.Release|Any CPU.Build.0 = Release|Any CPU
		{7B082F64-CEDC-4ED6-9C61-63239CA0DBCF}.Debug|Any CPU.ActiveCfg = Debug|Any CPU
		{7B082F64-CEDC-4ED6-9C61-63239CA0DBCF}.Debug|Any CPU.Build.0 = Debug|Any CPU
		{7B082F64-CEDC-4ED6-9C61-63239CA0DBCF}.Release|Any CPU.ActiveCfg = Release|Any CPU
		{7B082F64-CEDC-4ED6-9C61-63239CA0DBCF}.Release|Any CPU.Build.0 = Release|Any CPU
		{5C691631-6B9B-4022-B281-02F0B9CE2B68}.Debug|Any CPU.ActiveCfg = Debug|Any CPU
		{5C691631-6B9B-4022-B281-02F0B9CE2B68}.Debug|Any CPU.Build.0 = Debug|Any CPU
		{5C691631-6B9B-4022-B281-02F0B9CE2B68}.Release|Any CPU.ActiveCfg = Release|Any CPU
		{5C691631-6B9B-4022-B281-02F0B9CE2B68}.Release|Any CPU.Build.0 = Release|Any CPU
		{34A526CD-B38A-4CA8-BFBB-D5626676B952}.Debug|Any CPU.ActiveCfg = Debug|Any CPU
		{34A526CD-B38A-4CA8-BFBB-D5626676B952}.Debug|Any CPU.Build.0 = Debug|Any CPU
		{34A526CD-B38A-4CA8-BFBB-D5626676B952}.Release|Any CPU.ActiveCfg = Release|Any CPU
		{34A526CD-B38A-4CA8-BFBB-D5626676B952}.Release|Any CPU.Build.0 = Release|Any CPU
		{70BCCF8C-9255-475E-B0DD-E26468AA70E1}.Debug|Any CPU.ActiveCfg = Debug|Any CPU
		{70BCCF8C-9255-475E-B0DD-E26468AA70E1}.Debug|Any CPU.Build.0 = Debug|Any CPU
		{70BCCF8C-9255-475E-B0DD-E26468AA70E1}.Release|Any CPU.ActiveCfg = Release|Any CPU
		{70BCCF8C-9255-475E-B0DD-E26468AA70E1}.Release|Any CPU.Build.0 = Release|Any CPU
		{B1DC8F75-7337-411F-9C84-FCA7BCDC0BF8}.Debug|Any CPU.ActiveCfg = Debug|Any CPU
		{B1DC8F75-7337-411F-9C84-FCA7BCDC0BF8}.Debug|Any CPU.Build.0 = Debug|Any CPU
		{B1DC8F75-7337-411F-9C84-FCA7BCDC0BF8}.Release|Any CPU.ActiveCfg = Release|Any CPU
		{B1DC8F75-7337-411F-9C84-FCA7BCDC0BF8}.Release|Any CPU.Build.0 = Release|Any CPU
		{491B6CE4-B5EF-4B4F-B440-13296AB8E580}.Debug|Any CPU.ActiveCfg = Debug|Any CPU
		{491B6CE4-B5EF-4B4F-B440-13296AB8E580}.Debug|Any CPU.Build.0 = Debug|Any CPU
		{491B6CE4-B5EF-4B4F-B440-13296AB8E580}.Release|Any CPU.ActiveCfg = Release|Any CPU
		{491B6CE4-B5EF-4B4F-B440-13296AB8E580}.Release|Any CPU.Build.0 = Release|Any CPU
		{1CE457AF-FFA5-4161-8C9F-3F8D618CD12C}.Debug|Any CPU.ActiveCfg = Debug|Any CPU
		{1CE457AF-FFA5-4161-8C9F-3F8D618CD12C}.Debug|Any CPU.Build.0 = Debug|Any CPU
		{1CE457AF-FFA5-4161-8C9F-3F8D618CD12C}.Release|Any CPU.ActiveCfg = Release|Any CPU
		{1CE457AF-FFA5-4161-8C9F-3F8D618CD12C}.Release|Any CPU.Build.0 = Release|Any CPU
		{6BA3AF65-0728-4AA7-BE17-24756DF3D410}.Debug|Any CPU.ActiveCfg = Debug|Any CPU
		{6BA3AF65-0728-4AA7-BE17-24756DF3D410}.Debug|Any CPU.Build.0 = Debug|Any CPU
		{6BA3AF65-0728-4AA7-BE17-24756DF3D410}.Release|Any CPU.ActiveCfg = Release|Any CPU
		{6BA3AF65-0728-4AA7-BE17-24756DF3D410}.Release|Any CPU.Build.0 = Release|Any CPU
		{972A7160-55C2-4805-AE03-1F6FCB61A6DF}.Debug|Any CPU.ActiveCfg = Debug|Any CPU
		{972A7160-55C2-4805-AE03-1F6FCB61A6DF}.Debug|Any CPU.Build.0 = Debug|Any CPU
		{972A7160-55C2-4805-AE03-1F6FCB61A6DF}.Release|Any CPU.ActiveCfg = Release|Any CPU
		{972A7160-55C2-4805-AE03-1F6FCB61A6DF}.Release|Any CPU.Build.0 = Release|Any CPU
		{BAABC5CD-39DB-4A8B-AF8A-4F3B5119F657}.Debug|Any CPU.ActiveCfg = Debug|Any CPU
		{BAABC5CD-39DB-4A8B-AF8A-4F3B5119F657}.Debug|Any CPU.Build.0 = Debug|Any CPU
		{BAABC5CD-39DB-4A8B-AF8A-4F3B5119F657}.Release|Any CPU.ActiveCfg = Release|Any CPU
		{BAABC5CD-39DB-4A8B-AF8A-4F3B5119F657}.Release|Any CPU.Build.0 = Release|Any CPU
		{1316239F-6EB1-4C6C-B6E8-B8612E87B312}.Debug|Any CPU.ActiveCfg = Debug|Any CPU
		{1316239F-6EB1-4C6C-B6E8-B8612E87B312}.Debug|Any CPU.Build.0 = Debug|Any CPU
		{1316239F-6EB1-4C6C-B6E8-B8612E87B312}.Release|Any CPU.ActiveCfg = Release|Any CPU
		{1316239F-6EB1-4C6C-B6E8-B8612E87B312}.Release|Any CPU.Build.0 = Release|Any CPU
		{60612B89-E823-40E4-B136-613BAADB60E4}.Debug|Any CPU.ActiveCfg = Debug|Any CPU
		{60612B89-E823-40E4-B136-613BAADB60E4}.Debug|Any CPU.Build.0 = Debug|Any CPU
		{60612B89-E823-40E4-B136-613BAADB60E4}.Release|Any CPU.ActiveCfg = Release|Any CPU
		{60612B89-E823-40E4-B136-613BAADB60E4}.Release|Any CPU.Build.0 = Release|Any CPU
		{8E646DDB-1ACA-471E-92E3-C45001430AC1}.Debug|Any CPU.ActiveCfg = Debug|Any CPU
		{8E646DDB-1ACA-471E-92E3-C45001430AC1}.Debug|Any CPU.Build.0 = Debug|Any CPU
		{8E646DDB-1ACA-471E-92E3-C45001430AC1}.Release|Any CPU.ActiveCfg = Release|Any CPU
		{8E646DDB-1ACA-471E-92E3-C45001430AC1}.Release|Any CPU.Build.0 = Release|Any CPU
		{FAF235EA-5215-402D-8062-E7B771284559}.Debug|Any CPU.ActiveCfg = Debug|Any CPU
		{FAF235EA-5215-402D-8062-E7B771284559}.Debug|Any CPU.Build.0 = Debug|Any CPU
		{FAF235EA-5215-402D-8062-E7B771284559}.Release|Any CPU.ActiveCfg = Release|Any CPU
		{FAF235EA-5215-402D-8062-E7B771284559}.Release|Any CPU.Build.0 = Release|Any CPU
		{ED4BE672-62BC-49D1-8F43-704B7C5AE8CE}.Debug|Any CPU.ActiveCfg = Debug|Any CPU
		{ED4BE672-62BC-49D1-8F43-704B7C5AE8CE}.Debug|Any CPU.Build.0 = Debug|Any CPU
		{ED4BE672-62BC-49D1-8F43-704B7C5AE8CE}.Release|Any CPU.ActiveCfg = Release|Any CPU
		{ED4BE672-62BC-49D1-8F43-704B7C5AE8CE}.Release|Any CPU.Build.0 = Release|Any CPU
		{C49F01CB-A85D-418F-AF0D-DD2BF1D5B401}.Debug|Any CPU.ActiveCfg = Debug|Any CPU
		{C49F01CB-A85D-418F-AF0D-DD2BF1D5B401}.Debug|Any CPU.Build.0 = Debug|Any CPU
		{C49F01CB-A85D-418F-AF0D-DD2BF1D5B401}.Release|Any CPU.ActiveCfg = Release|Any CPU
		{C49F01CB-A85D-418F-AF0D-DD2BF1D5B401}.Release|Any CPU.Build.0 = Release|Any CPU
		{4BBD1CE5-7A68-4C3A-B909-49B8BAA1FDFE}.Debug|Any CPU.ActiveCfg = Debug|Any CPU
		{4BBD1CE5-7A68-4C3A-B909-49B8BAA1FDFE}.Debug|Any CPU.Build.0 = Debug|Any CPU
		{4BBD1CE5-7A68-4C3A-B909-49B8BAA1FDFE}.Release|Any CPU.ActiveCfg = Release|Any CPU
		{4BBD1CE5-7A68-4C3A-B909-49B8BAA1FDFE}.Release|Any CPU.Build.0 = Release|Any CPU
		{F3C8F7CF-7AE0-4D80-B273-68692D45AAD6}.Debug|Any CPU.ActiveCfg = Debug|Any CPU
		{F3C8F7CF-7AE0-4D80-B273-68692D45AAD6}.Debug|Any CPU.Build.0 = Debug|Any CPU
		{F3C8F7CF-7AE0-4D80-B273-68692D45AAD6}.Release|Any CPU.ActiveCfg = Release|Any CPU
		{F3C8F7CF-7AE0-4D80-B273-68692D45AAD6}.Release|Any CPU.Build.0 = Release|Any CPU
		{9C614016-8ADC-4192-B722-0E48BB42D931}.Debug|Any CPU.ActiveCfg = Debug|Any CPU
		{9C614016-8ADC-4192-B722-0E48BB42D931}.Debug|Any CPU.Build.0 = Debug|Any CPU
		{9C614016-8ADC-4192-B722-0E48BB42D931}.Release|Any CPU.ActiveCfg = Release|Any CPU
		{9C614016-8ADC-4192-B722-0E48BB42D931}.Release|Any CPU.Build.0 = Release|Any CPU
		{74D0CD9E-BBB7-4794-AEAE-D8B71D13F12A}.Debug|Any CPU.ActiveCfg = Debug|Any CPU
		{74D0CD9E-BBB7-4794-AEAE-D8B71D13F12A}.Debug|Any CPU.Build.0 = Debug|Any CPU
		{74D0CD9E-BBB7-4794-AEAE-D8B71D13F12A}.Release|Any CPU.ActiveCfg = Release|Any CPU
		{74D0CD9E-BBB7-4794-AEAE-D8B71D13F12A}.Release|Any CPU.Build.0 = Release|Any CPU
	EndGlobalSection
	GlobalSection(SolutionProperties) = preSolution
		HideSolutionNode = FALSE
	EndGlobalSection
	GlobalSection(NestedProjects) = preSolution
		{F4039509-6C2E-4C21-A67C-989FB4F0A23A} = {7CEF06BA-60F2-469B-91B6-620E64715009}
		{258ABEA2-4140-4822-B3AC-10E9868EE8F7} = {7CEF06BA-60F2-469B-91B6-620E64715009}
		{A089F897-6795-4BBD-A7AE-32188BD0B7D0} = {7CEF06BA-60F2-469B-91B6-620E64715009}
		{4D70FD3F-2C92-44CF-B0F9-BFBBD528D799} = {AD4F50F8-3CF9-404F-B8D7-19D359EE7BD9}
		{7B082F64-CEDC-4ED6-9C61-63239CA0DBCF} = {AD4F50F8-3CF9-404F-B8D7-19D359EE7BD9}
		{5C691631-6B9B-4022-B281-02F0B9CE2B68} = {AD4F50F8-3CF9-404F-B8D7-19D359EE7BD9}
		{34A526CD-B38A-4CA8-BFBB-D5626676B952} = {D399CAC0-0093-421A-B05E-C3C490137694}
		{70BCCF8C-9255-475E-B0DD-E26468AA70E1} = {D399CAC0-0093-421A-B05E-C3C490137694}
		{B1DC8F75-7337-411F-9C84-FCA7BCDC0BF8} = {D399CAC0-0093-421A-B05E-C3C490137694}
		{491B6CE4-B5EF-4B4F-B440-13296AB8E580} = {0527EA37-0AFD-4639-8CC8-AAF7CD523107}
		{1CE457AF-FFA5-4161-8C9F-3F8D618CD12C} = {0527EA37-0AFD-4639-8CC8-AAF7CD523107}
		{6BA3AF65-0728-4AA7-BE17-24756DF3D410} = {0527EA37-0AFD-4639-8CC8-AAF7CD523107}
		{972A7160-55C2-4805-AE03-1F6FCB61A6DF} = {0B2BAA20-D9C7-4665-BE62-D41E1578A534}
		{BAABC5CD-39DB-4A8B-AF8A-4F3B5119F657} = {0B2BAA20-D9C7-4665-BE62-D41E1578A534}
		{1316239F-6EB1-4C6C-B6E8-B8612E87B312} = {0B2BAA20-D9C7-4665-BE62-D41E1578A534}
		{60612B89-E823-40E4-B136-613BAADB60E4} = {95D619C6-8F31-4E91-B178-FF68CC60A7E5}
		{8E646DDB-1ACA-471E-92E3-C45001430AC1} = {95D619C6-8F31-4E91-B178-FF68CC60A7E5}
		{FAF235EA-5215-402D-8062-E7B771284559} = {95D619C6-8F31-4E91-B178-FF68CC60A7E5}
		{ED4BE672-62BC-49D1-8F43-704B7C5AE8CE} = {F173DAFA-F8EB-4679-A52C-FCD297487B11}
		{C49F01CB-A85D-418F-AF0D-DD2BF1D5B401} = {F173DAFA-F8EB-4679-A52C-FCD297487B11}
		{4BBD1CE5-7A68-4C3A-B909-49B8BAA1FDFE} = {F173DAFA-F8EB-4679-A52C-FCD297487B11}
		{F3C8F7CF-7AE0-4D80-B273-68692D45AAD6} = {A10AA04B-FD96-4F1B-9FB9-F0CDA123B741}
		{9C614016-8ADC-4192-B722-0E48BB42D931} = {A10AA04B-FD96-4F1B-9FB9-F0CDA123B741}
		{74D0CD9E-BBB7-4794-AEAE-D8B71D13F12A} = {A10AA04B-FD96-4F1B-9FB9-F0CDA123B741}
	EndGlobalSection
	GlobalSection(ExtensibilityGlobals) = postSolution
		SolutionGuid = {9677EFAE-7F9A-4E25-8289-7A3BE1529625}
	EndGlobalSection
EndGlobal
