
Microsoft Visual Studio Solution File, Format Version 12.00
# Visual Studio Version 16
VisualStudioVersion = 16.0.34031.81
MinimumVisualStudioVersion = 10.0.40219.1
Project("{2150E333-8FDC-42A3-9474-1A3956D46DE8}") = "Task0", "Task0", "{7CEF06BA-60F2-469B-91B6-620E64715009}"
EndProject
Project("{FAE04EC0-301F-11D3-BF4B-00C04F79EFBC}") = "Tyuiu.DudkovIE.Sprint4.Task0.V1", "Tyuiu.DudkovIE.Sprint4.Task0.V1\Tyuiu.DudkovIE.Sprint4.Task0.V1.csproj", "{F4039509-6C2E-4C21-A67C-989FB4F0A23A}"
EndProject
Project("{FAE04EC0-301F-11D3-BF4B-00C04F79EFBC}") = "Tyuiu.DudkovIE.Sprint4.Task0.V1.Lib", "Tyuiu.DudkovIE.Sprint4.Task0.V1.Lib\Tyuiu.DudkovIE.Sprint4.Task0.V1.Lib.csproj", "{258ABEA2-4140-4822-B3AC-10E9868EE8F7}"
EndProject
Project("{FAE04EC0-301F-11D3-BF4B-00C04F79EFBC}") = "Tyuiu.DudkovIE.Sprint4.Task0.V1.Test", "Tyuiu.DudkovIE.Sprint4.Task0.V1.Test\Tyuiu.DudkovIE.Sprint4.Task0.V1.Test.csproj", "{A089F897-6795-4BBD-A7AE-32188BD0B7D0}"
EndProject
Project("{2150E333-8FDC-42A3-9474-1A3956D46DE8}") = "Task1", "Task1", "{AD4F50F8-3CF9-404F-B8D7-19D359EE7BD9}"
EndProject
Project("{FAE04EC0-301F-11D3-BF4B-00C04F79EFBC}") = "Tyuiu.DudkovIE.Sprint4.Task1.V6", "Tyuiu.DudkovIE.Sprint4.Task1.V6\Tyuiu.DudkovIE.Sprint4.Task1.V6.csproj", "{4D70FD3F-2C92-44CF-B0F9-BFBBD528D799}"
EndProject
Project("{FAE04EC0-301F-11D3-BF4B-00C04F79EFBC}") = "Tyuiu.DudkovIE.Sprint4.Task1.V6.Lib", "Tyuiu.DudkovIE.Sprint4.Task1.V6.Lib\Tyuiu.DudkovIE.Sprint4.Task1.V6.Lib.csproj", "{7B082F64-CEDC-4ED6-9C61-63239CA0DBCF}"
EndProject
Project("{FAE04EC0-301F-11D3-BF4B-00C04F79EFBC}") = "Tyuiu.DudkovIE.Sprint4.Task1.V6.Test", "Tyuiu.DudkovIE.Sprint4.Task1.V6.Test\Tyuiu.DudkovIE.Sprint4.Task1.V6.Test.csproj", "{5C691631-6B9B-4022-B281-02F0B9CE2B68}"
EndProject
Global
	GlobalSection(SolutionConfigurationPlatforms) = preSolution
		Debug|Any CPU = Debug|Any CPU
		Release|Any CPU = Release|Any CPU
	EndGlobalSection
	GlobalSection(ProjectConfigurationPlatforms) = postSolution
		{F4039509-6C2E-4C21-A67C-989FB4F0A23A}.Debug|Any CPU.ActiveCfg = Debug|Any CPU
		{F4039509-6C2E-4C21-A67C-989FB4F0A23A}.Debug|Any CPU.Build.0 = Debug|Any CPU
		{F4039509-6C2E-4C21-A67C-989FB4F0A23A}.Release|Any CPU.ActiveCfg = Release|Any CPU
		{F4039509-6C2E-4C21-A67C-989FB4F0A23A}.Release|Any CPU.Build.0 = Release|Any CPU
		{258ABEA2-4140-4822-B3AC-10E9868EE8F7}.Debug|Any CPU.ActiveCfg = Debug|Any CPU
		{258ABEA2-4140-4822-B3AC-10E9868EE8F7}.Debug|Any CPU.Build.0 = Debug|Any CPU
		{258ABEA2-4140-4822-B3AC-10E9868EE8F7}.Release|Any CPU.ActiveCfg = Release|Any CPU
		{258ABEA2-4140-4822-B3AC-10E9868EE8F7}.Release|Any CPU.Build.0 = Release|Any CPU
		{A089F897-6795-4BBD-A7AE-32188BD0B7D0}.Debug|Any CPU.ActiveCfg = Debug|Any CPU
		{A089F897-6795-4BBD-A7AE-32188BD0B7D0}.Debug|Any CPU.Build.0 = Debug|Any CPU
		{A089F897-6795-4BBD-A7AE-32188BD0B7D0}.Release|Any CPU.ActiveCfg = Release|Any CPU
		{A089F897-6795-4BBD-A7AE-32188BD0B7D0}.Release|Any CPU.Build.0 = Release|Any CPU
		{4D70FD3F-2C92-44CF-B0F9-BFBBD528D799}.Debug|Any CPU.ActiveCfg = Debug|Any CPU
		{4D70FD3F-2C92-44CF-B0F9-BFBBD528D799}.Debug|Any CPU.Build.0 = Debug|Any CPU
		{4D70FD3F-2C92-44CF-B0F9-BFBBD528D799}.Release|Any CPU.ActiveCfg = Release|Any CPU
		{4D70FD3F-2C92-44CF-B0F9-BFBBD528D799}.Release|Any CPU.Build.0 = Release|Any CPU
		{7B082F64-CEDC-4ED6-9C61-63239CA0DBCF}.Debug|Any CPU.ActiveCfg = Debug|Any CPU
		{7B082F64-CEDC-4ED6-9C61-63239CA0DBCF}.Debug|Any CPU.Build.0 = Debug|Any CPU
		{7B082F64-CEDC-4ED6-9C61-63239CA0DBCF}.Release|Any CPU.ActiveCfg = Release|Any CPU
		{7B082F64-CEDC-4ED6-9C61-63239CA0DBCF}.Release|Any CPU.Build.0 = Release|Any CPU
		{5C691631-6B9B-4022-B281-02F0B9CE2B68}.Debug|Any CPU.ActiveCfg = Debug|Any CPU
		{5C691631-6B9B-4022-B281-02F0B9CE2B68}.Debug|Any CPU.Build.0 = Debug|Any CPU
		{5C691631-6B9B-4022-B281-02F0B9CE2B68}.Release|Any CPU.ActiveCfg = Release|Any CPU
		{5C691631-6B9B-4022-B281-02F0B9CE2B68}.Release|Any CPU.Build.0 = Release|Any CPU
	EndGlobalSection
	GlobalSection(SolutionProperties) = preSolution
		HideSolutionNode = FALSE
	EndGlobalSection
	GlobalSection(NestedProjects) = preSolution
		{F4039509-6C2E-4C21-A67C-989FB4F0A23A} = {7CEF06BA-60F2-469B-91B6-620E64715009}
		{258ABEA2-4140-4822-B3AC-10E9868EE8F7} = {7CEF06BA-60F2-469B-91B6-620E64715009}
		{A089F897-6795-4BBD-A7AE-32188BD0B7D0} = {7CEF06BA-60F2-469B-91B6-620E64715009}
		{4D70FD3F-2C92-44CF-B0F9-BFBBD528D799} = {AD4F50F8-3CF9-404F-B8D7-19D359EE7BD9}
		{7B082F64-CEDC-4ED6-9C61-63239CA0DBCF} = {AD4F50F8-3CF9-404F-B8D7-19D359EE7BD9}
		{5C691631-6B9B-4022-B281-02F0B9CE2B68} = {AD4F50F8-3CF9-404F-B8D7-19D359EE7BD9}
	EndGlobalSection
	GlobalSection(ExtensibilityGlobals) = postSolution
		SolutionGuid = {9677EFAE-7F9A-4E25-8289-7A3BE1529625}
	EndGlobalSection
EndGlobal
